#MicroXplorer Configuration settings - do not modify
File.Version=6
KeepUserPlacement=false
Mcu.CPN=STM32F405RGT6
Mcu.Family=STM32F4
Mcu.IP0=ADC1
Mcu.IP1=DMA
Mcu.IP2=EXTI
Mcu.IP3=I2C1
Mcu.IP4=NVIC
Mcu.IP5=RCC
Mcu.IP6=SPI1
Mcu.IP7=SPI2
Mcu.IP8=SPI3
Mcu.IP9=SYS
Mcu.IP10=TIM3
Mcu.IP11=TIM6
Mcu.IP12=UART4
Mcu.IP13=USART1
Mcu.IP14=USART2
Mcu.IP15=USART3
Mcu.IP16=USB_OTG_FS
Mcu.Name=STM32F405RGT6
Mcu.Package=LQFP64
Mcu.Pin0=PH0-OSC_IN
Mcu.Pin1=PH1-OSC_OUT
Mcu.Pin2=PA0
Mcu.Pin3=PA1
Mcu.Pin4=PA2
Mcu.Pin5=PA3
Mcu.Pin6=PA5
Mcu.Pin7=PA6
Mcu.Pin8=PA7
Mcu.Pin9=PA8
Mcu.Pin10=PA9
Mcu.Pin11=PA10
Mcu.Pin12=PA11
Mcu.Pin13=PA12
Mcu.Pin14=PA13
Mcu.Pin15=PA14
Mcu.Pin16=PB0
Mcu.Pin17=PB1
Mcu.Pin18=PB3
Mcu.Pin19=PB4
Mcu.Pin20=PB5
Mcu.Pin21=PB8
Mcu.Pin22=PB9
Mcu.Pin23=PB10
Mcu.Pin24=PB11
Mcu.Pin25=PB12
Mcu.Pin26=PB13
Mcu.Pin27=PB14
Mcu.Pin28=PB15
Mcu.Pin29=PC0
Mcu.Pin30=PC1
Mcu.Pin31=PC4
Mcu.Pin32=PC5
Mcu.Pin33=PC6
Mcu.Pin34=PC7
Mcu.Pin35=PC8
Mcu.Pin36=PC9
Mcu.Pin37=PC10
Mcu.Pin38=PC11
Mcu.Pin39=PC13
Mcu.PinsNb=40
Mcu.UserName=STM32F405RGT6
MxCube.Version=6.11.1
NVIC.BusFault_IRQn=true:0:0:false:false:true:true:true
NVIC.DMA1_Stream1_IRQn=true:5:0:false:false:true:true:true
NVIC.DMA1_Stream3_IRQn=true:5:0:false:false:true:true:true
NVIC.DMA1_Stream5_IRQn=true:5:0:false:false:true:true:true
NVIC.DMA1_Stream6_IRQn=true:5:0:false:false:true:true:true
NVIC.EXTI4_IRQn=true:4:0:false:false:true:true:true
NVIC.HardFault_IRQn=true:-1:0:false:false:true:true:true
NVIC.MemoryManagement_IRQn=true:-1:0:false:false:true:true:true
NVIC.NonMaskableInt_IRQn=true:-1:0:false:false:true:true:true
NVIC.PendSV_IRQn=false:-1:0:false:false:false:false:false
NVIC.PriorityGroup=NVIC_PRIORITYGROUP_4
NVIC.SVCall_IRQn=false:-1:0:false:false:false:false:false
NVIC.SysTick_IRQn=true:-1:0:false:false:true:true:true
NVIC.UsageFault_IRQn=true:-1:0:false:false:true:true:true
NVIC.USB_OTG_FS_IRQn=true:6:0:false:false:true:true:true
PA0.GPIOParameters=GPIO_Label
PA0.GPIO_Label=LED_STRIP
PA0.Signal=GPIO_Output
PA1.GPIOParameters=GPIO_Label
PA1.GPIO_Label=OSD_RESET
PA1.Signal=GPIO_Output
PA2.Mode=Asynchronous
PA2.Signal=USART2_TX
PA3.Mode=Asynchronous
PA3.Signal=USART2_RX
PA5.Mode=Full_Duplex_Master
PA5.Signal=SPI1_SCK
PA6.Mode=Full_Duplex_Master
PA6.Signal=SPI1_MISO
PA7.Mode=Full_Duplex_Master
PA7.Signal=SPI1_MOSI
PA8.GPIOParameters=GPIO_Label
PA8.GPIO_Label=USB_VBUS_SENSE
PA8.Signal=GPIO_Input
PA9.Mode=Asynchronous
PA9.Signal=USART1_TX
PA10.Mode=Asynchronous
PA10.Signal=USART1_RX
PA11.Mode=Device_Only
PA11.Signal=USB_OTG_FS_DM
PA12.Mode=Device_Only
PA12.Signal=USB_OTG_FS_DP
PA13.Mode=Serial_Wire
PA13.Signal=SYS_SWDIO
PA14.Mode=Serial_Wire
PA14.Signal=SYS_SWCLK
PB0.GPIOParameters=GPIO_Label
PB0.GPIO_Label=IMU_CS
PB0.Signal=GPIO_Output
PB1.GPIOParameters=GPIO_Label
PB1.GPIO_Label=FLASH_CS
PB1.Signal=GPIO_Output
PB3.Mode=Full_Duplex_Master
PB3.Signal=SPI3_SCK
PB4.Mode=Full_Duplex_Master
PB4.Signal=SPI3_MISO
PB5.Mode=Full_Duplex_Master
PB5.Signal=SPI3_MOSI
PB8.Mode=I2C
PB8.Signal=I2C1_SCL
PB9.Mode=I2C
PB9.Signal=I2C1_SDA
PB10.Mode=Asynchronous
PB10.Signal=USART3_TX
PB11.Mode=Asynchronous
PB11.Signal=USART3_RX
PB12.GPIOParameters=GPIO_Label
PB12.GPIO_Label=OSD_CS
PB12.Signal=GPIO_Output
PB13.Mode=Full_Duplex_Master
PB13.Signal=SPI2_SCK
PB14.Mode=Full_Duplex_Master
PB14.Signal=SPI2_MISO
PB15.Mode=Full_Duplex_Master
PB15.Signal=SPI2_MOSI
PC0.Mode=ADC1_IN10
PC0.Signal=ADC1_IN10
PC1.Mode=ADC1_IN11
PC1.Signal=ADC1_IN11
PC4.GPIOParameters=GPIO_Label,GPIO_ModeDefaultEXTI
PC4.GPIO_Label=IMU_INT1
PC4.Signal=GPXTI4
PC5.GPIOParameters=GPIO_Label
PC5.GPIO_Label=BUZZER_CTRL
PC5.Signal=GPIO_Output
PC6.Mode=PWM Generation CH1
PC6.Signal=TIM3_CH1
PC7.Mode=PWM Generation CH2
PC7.Signal=TIM3_CH2
PC8.Mode=PWM Generation CH3
PC8.Signal=TIM3_CH3
PC9.Mode=PWM Generation CH4
PC9.Signal=TIM3_CH4
PC10.Mode=Asynchronous
PC10.Signal=UART4_TX
PC11.Mode=Asynchronous
PC11.Signal=UART4_RX
PC13.GPIOParameters=GPIO_Label
PC13.GPIO_Label=STATUS_LED
PC13.Signal=GPIO_Output
PH0-OSC_IN.Mode=HSE-External-Oscillator
PH0-OSC_IN.Signal=RCC_OSC_IN
PH1-OSC_OUT.Mode=HSE-External-Oscillator
PH1-OSC_OUT.Signal=RCC_OSC_OUT
ProjectManager.CompilerOptimize=6
ProjectManager.CopyOnly自由=false
ProjectManager.FunctionsList=1-MX_GPIO_Init\n2-MX_DMA_Init\n3-MX_ADC1_Init\n4-MX_SPI1_Init\n5-MX_SPI2_Init\n6-MX_SPI3_Init\n7-MX_I2C1_Init\n8-MX_USART1_UART_Init\n9-MX_USART2_UART_Init\n10-MX_USART3_UART_Init\n11-MX_UART4_Init\n12-MX_TIM3_Init\n13-MX_TIM6_Init\n14-MX_USB_OTG_FS_PCD_Init
ProjectManager.GenerateUnderRoot=true
ProjectManager.KeepUserCode=true
ProjectManager.LastFirmware=true
ProjectManager.LibraryCopy=0
ProjectManager.NoMain=false
ProjectManager.ProjectFileName=gofly_fc
ProjectManager.ProjectName=gofly_fc
ProjectManager.TargetToolchain=Makefile
ProjectManager.ToolChainLocation=
RCC.AHBFreq_Value=168000000
RCC.APB1CLKDivider=RCC_HCLK_DIV4
RCC.APB1Freq_Value=42000000
RCC.APB1TimFreq_Value=84000000
RCC.APB2CLKDivider=RCC_HCLK_DIV2
RCC.APB2Freq_Value=84000000
RCC.APB2TimFreq_Value=168000000
RCC.CortexFreq_Value=168000000
RCC.FCLKCortexFreq_Value=168000000
RCC.HCLKFreq_Value=168000000
RCC.HSE_VALUE=8000000
RCC.I2SClocksFreq_Value=96000000
RCC.LSE_VALUE=32768
RCC.PLL.PLLM=8
RCC.PLL.PLLN=336
RCC.PLL.PLLP=RCC_PLLP_DIV2
RCC.PLL.PLLQ=7
RCC.SYSCLKFreq_VALUE=168000000
RCC.SYSCLKSource=RCC_SYSCLKSOURCE_PLLCLK
RCC.USB48CLKFreq_Value=48000000
SPI1.BaudRatePrescaler=SPI_BAUDRATEPRESCALER_16
SPI1.CLKPhase=SPI_PHASE_1EDGE
SPI1.CLKPolarity=SPI_POLARITY_LOW
SPI1.DataSize=SPI_DATASIZE_8BIT
SPI1.Direction=SPI_DIRECTION_2LINES
SPI1.FirstBit=SPI_FIRSTBIT_MSB
SPI1.Mode=SPI_MODE_MASTER
SPI2.BaudRatePrescaler=SPI_BAUDRATEPRESCALER_16
SPI2.CLKPhase=SPI_PHASE_1EDGE
SPI2.CLKPolarity=SPI_POLARITY_LOW
SPI2.DataSize=SPI_DATASIZE_8BIT
SPI2.Direction=SPI_DIRECTION_2LINES
SPI2.FirstBit=SPI_FIRSTBIT_MSB
SPI2.Mode=SPI_MODE_MASTER
SPI3.BaudRatePrescaler=SPI_BAUDRATEPRESCALER_16
SPI3.CLKPhase=SPI_PHASE_1EDGE
SPI3.CLKPolarity=SPI_POLARITY_LOW
SPI3.DataSize=SPI_DATASIZE_8BIT
SPI3.Direction=SPI_DIRECTION_2LINES
SPI3.FirstBit=SPI_FIRSTBIT_MSB
SPI3.Mode=SPI_MODE_MASTER
TIM3.Prescaler=0
TIM3.Period=279
TIM3.Channel-PWM Generation CH1=TIM_CHANNEL_1
TIM3.Channel-PWM Generation CH2=TIM_CHANNEL_2
TIM3.Channel-PWM Generation CH3=TIM_CHANNEL_3
TIM3.Channel-PWM Generation CH4=TIM_CHANNEL_4
TIM6.Prescaler=83999
TIM6.Period=0
UART4.BaudRate=115200
UART4.WordLength=UART_WORDLENGTH_8B
UART4.StopBits=UART_STOPBITS_1
UART4.Parity=UART_PARITY_NONE
UART4.Mode=UART_MODE_TX_RX
USART1.BaudRate=420000
USART1.HalfDuplex=UART_HALFDUPLEX_ENABLED
USART1.WordLength=UART_WORDLENGTH_8B
USART1.StopBits=UART_STOPBITS_1
USART1.Parity=UART_PARITY_NONE
USART1.Mode=UART_MODE_TX_RX
USART2.BaudRate=115200
USART2.WordLength=UART_WORDLENGTH_8B
USART2.StopBits=UART_STOPBITS_1
USART2.Parity=UART_PARITY_NONE
USART2.Mode=UART_MODE_TX_RX
USART3.BaudRate=57600
USART3.WordLength=UART_WORDLENGTH_8B
USART3.StopBits=UART_STOPBITS_1
USART3.Parity=UART_PARITY_NONE
USART3.Mode=UART_MODE_TX_RX
USB_OTG_FS.Phy=Internal FS phy
USB_OTG_FS.IPParameters=phy_itface
USB_OTG_FS.phy_itface=USB_OTG_EMBEDDED_PHY
SYS.Debug=Serial Wire
SYS.JTAG-Boot=JTAGDisabled
SYS.Timebase=TIM6
